{
  "name": "WebAppsHTML",
  "lockfileVersion": 2,
  "requires": true,
  "packages": {
    "": {
      "dependencies": {
        "js-pixel-fonts": "^1.6.0",
        "yarn": "^1.22.19"
      }
    },
    "node_modules/@types/node": {
      "version": "18.11.13",
      "resolved": "https://registry.npmjs.org/@types/node/-/node-18.11.13.tgz",
      "integrity": "sha512-IASpMGVcWpUsx5xBOrxMj7Bl8lqfuTY7FKAnPmu5cHkfQVWF8GulWS1jbRqA934qZL35xh5xN/+Xe/i26Bod4w=="
    },
    "node_modules/@types/pngjs": {
      "version": "6.0.1",
      "resolved": "https://registry.npmjs.org/@types/pngjs/-/pngjs-6.0.1.tgz",
      "integrity": "sha512-J39njbdW1U/6YyVXvC9+1iflZghP8jgRf2ndYghdJb5xL49LYDB+1EuAxfbuJ2IBbWIL3AjHPQhgaTxT3YaYeg==",
      "dependencies": {
        "@types/node": "*"
      }
    },
    "node_modules/js-pixel-fonts": {
      "version": "1.6.0",
      "resolved": "https://registry.npmjs.org/js-pixel-fonts/-/js-pixel-fonts-1.6.0.tgz",
      "integrity": "sha512-yWhPFShOwDs427wWC07CBNp/VIxZimvecc/RwJDb6ihw40W35xuAR9CwR0uNOG2W97ow4awYztUWD0lt+pQdgQ==",
      "dependencies": {
        "@types/pngjs": "^6.0.1",
        "loglevel": "^1.6.1",
        "pngjs": "^3.3.3"
      }
    },
    "node_modules/loglevel": {
      "version": "1.8.1",
      "resolved": "https://registry.npmjs.org/loglevel/-/loglevel-1.8.1.tgz",
      "integrity": "sha512-tCRIJM51SHjAayKwC+QAg8hT8vg6z7GSgLJKGvzuPb1Wc+hLzqtuVLxp6/HzSPOozuK+8ErAhy7U/sVzw8Dgfg==",
      "engines": {
        "node": ">= 0.6.0"
      },
      "funding": {
        "type": "tidelift",
        "url": "https://tidelift.com/funding/github/npm/loglevel"
      }
    },
    "node_modules/pngjs": {
      "version": "3.4.0",
      "resolved": "https://registry.npmjs.org/pngjs/-/pngjs-3.4.0.tgz",
      "integrity": "sha512-NCrCHhWmnQklfH4MtJMRjZ2a8c80qXeMlQMv2uVp9ISJMTt562SbGd6n2oq0PaPgKm7Z6pL9E2UlLIhC+SHL3w==",
      "engines": {
        "node": ">=4.0.0"
      }
    },
    "node_modules/yarn": {
      "version": "1.22.19",
      "resolved": "https://registry.npmjs.org/yarn/-/yarn-1.22.19.tgz",
      "integrity": "sha512-/0V5q0WbslqnwP91tirOvldvYISzaqhClxzyUKXYxs07yUILIs5jx/k6CFe8bvKSkds5w+eiOqta39Wk3WxdcQ==",
      "hasInstallScript": true,
      "bin": {
        "yarn": "bin/yarn.js",
        "yarnpkg": "bin/yarn.js"
      },
      "engines": {
        "node": ">=4.0.0"
      }
    }
  },
  "dependencies": {
    "@types/node": {
      "version": "18.11.13",
      "resolved": "https://registry.npmjs.org/@types/node/-/node-18.11.13.tgz",
      "integrity": "sha512-IASpMGVcWpUsx5xBOrxMj7Bl8lqfuTY7FKAnPmu5cHkfQVWF8GulWS1jbRqA934qZL35xh5xN/+Xe/i26Bod4w=="
    },
    "@types/pngjs": {
      "version": "6.0.1",
      "resolved": "https://registry.npmjs.org/@types/pngjs/-/pngjs-6.0.1.tgz",
      "integrity": "sha512-J39njbdW1U/6YyVXvC9+1iflZghP8jgRf2ndYghdJb5xL49LYDB+1EuAxfbuJ2IBbWIL3AjHPQhgaTxT3YaYeg==",
      "requires": {
        "@types/node": "*"
      }
    },
    "js-pixel-fonts": {
      "version": "1.6.0",
      "resolved": "https://registry.npmjs.org/js-pixel-fonts/-/js-pixel-fonts-1.6.0.tgz",
      "integrity": "sha512-yWhPFShOwDs427wWC07CBNp/VIxZimvecc/RwJDb6ihw40W35xuAR9CwR0uNOG2W97ow4awYztUWD0lt+pQdgQ==",
      "requires": {
        "@types/pngjs": "^6.0.1",
        "loglevel": "^1.6.1",
        "pngjs": "^3.3.3"
      }
    },
    "loglevel": {
      "version": "1.8.1",
      "resolved": "https://registry.npmjs.org/loglevel/-/loglevel-1.8.1.tgz",
      "integrity": "sha512-tCRIJM51SHjAayKwC+QAg8hT8vg6z7GSgLJKGvzuPb1Wc+hLzqtuVLxp6/HzSPOozuK+8ErAhy7U/sVzw8Dgfg=="
    },
    "pngjs": {
      "version": "3.4.0",
      "resolved": "https://registry.npmjs.org/pngjs/-/pngjs-3.4.0.tgz",
      "integrity": "sha512-NCrCHhWmnQklfH4MtJMRjZ2a8c80qXeMlQMv2uVp9ISJMTt562SbGd6n2oq0PaPgKm7Z6pL9E2UlLIhC+SHL3w=="
    },
    "yarn": {
      "version": "1.22.19",
      "resolved": "https://registry.npmjs.org/yarn/-/yarn-1.22.19.tgz",
      "integrity": "sha512-/0V5q0WbslqnwP91tirOvldvYISzaqhClxzyUKXYxs07yUILIs5jx/k6CFe8bvKSkds5w+eiOqta39Wk3WxdcQ=="
    }
  }
}
